PODS:
  - AMSMB2 (2.2.0)
  - PKHUD (5.3.0)
  - RxCocoa (5.0.0):
    - RxRelay (~> 5)
    - RxSwift (~> 5)
  - RxRelay (5.0.0):
    - RxSwift (~> 5)
  - RxSwift (5.0.0)
  - SwiftEventBus (5.0.0)

DEPENDENCIES:
  - AMSMB2
  - PKHUD (~> 5.0)
  - RxCocoa (~> 5)
  - RxSwift (~> 5)
  - SwiftEventBus (from `https://github.com/cesarferreira/SwiftEventBus.git`, tag `5.0.0`)

SPEC REPOS:
  https://github.com/CocoaPods/Specs.git:
    - AMSMB2
    - PKHUD
    - RxCocoa
    - RxRelay
    - RxSwift

EXTERNAL SOURCES:
  SwiftEventBus:
    :git: https://github.com/cesarferreira/SwiftEventBus.git
    :tag: 5.0.0

CHECKOUT OPTIONS:
  SwiftEventBus:
    :git: https://github.com/cesarferreira/SwiftEventBus.git
    :tag: 5.0.0

SPEC CHECKSUMS:
  AMSMB2: 82636d909a9853c3e395214fefad1c3ff54f4dce
  PKHUD: 98f3e4bc904b9c916f1c5bb6d765365b5357291b
  RxCocoa: fcf32050ac00d801f34a7f71d5e8e7f23026dcd8
  RxRelay: 4f7409406a51a55cd88483f21ed898c234d60f18
  RxSwift: 8b0671caa829a763bbce7271095859121cbd895f
  SwiftEventBus: b30f617a6aca5a9336464b4d3f5931034762f2d5

PODFILE CHECKSUM: 87a4c99e164e12e9a31b0a5c6ef5c951f05e26c3

COCOAPODS: 1.7.5
