PODS:
  - AMSMB2 (2.2.0)
  - PKHUD (5.3.0)

DEPENDENCIES:
  - AMSMB2
  - PKHUD (~> 5.0)

SPEC REPOS:
  https://github.com/CocoaPods/Specs.git:
    - AMSMB2
    - PKHUD

SPEC CHECKSUMS:
  AMSMB2: 82636d909a9853c3e395214fefad1c3ff54f4dce
  PKHUD: 98f3e4bc904b9c916f1c5bb6d765365b5357291b

PODFILE CHECKSUM: 92d2da2048f48c48fba512d54f2fe072f22fe24f

COCOAPODS: 1.7.5
